
Microsoft Visual Studio Solution File, Format Version 12.00
# Visual Studio Version 17
VisualStudioVersion = 17.7.34031.279
MinimumVisualStudioVersion = 10.0.40219.1
Project("{FAE04EC0-301F-11D3-BF4B-00C04F79EFBC}") = "GA_Picker_Access", "GA_Picker_Access.csproj", "{4174614F-81C7-46AE-9C88-110B419A658E}"
EndProject
Global
	GlobalSection(SolutionConfigurationPlatforms) = preSolution
		Debug|Any CPU = Debug|Any CPU
		Release|Any CPU = Release|Any CPU
	EndGlobalSection
	GlobalSection(ProjectConfigurationPlatforms) = postSolution
		{4174614F-81C7-46AE-9C88-110B419A658E}.Debug|Any CPU.ActiveCfg = Debug|Any CPU
		{4174614F-81C7-46AE-9C88-110B419A658E}.Debug|Any CPU.Build.0 = Debug|Any CPU
		{4174614F-81C7-46AE-9C88-110B419A658E}.Debug|Any CPU.Deploy.0 = Debug|Any CPU
		{4174614F-81C7-46AE-9C88-110B419A658E}.Release|Any CPU.ActiveCfg = Release|Any CPU
		{4174614F-81C7-46AE-9C88-110B419A658E}.Release|Any CPU.Build.0 = Release|Any CPU
		{4174614F-81C7-46AE-9C88-110B419A658E}.Release|Any CPU.Deploy.0 = Release|Any CPU
	EndGlobalSection
	GlobalSection(SolutionProperties) = preSolution
		HideSolutionNode = FALSE
	EndGlobalSection
	GlobalSection(ExtensibilityGlobals) = postSolution
		SolutionGuid = {C5A0F852-0CA0-41AE-95A2-17A4501496A9}
	EndGlobalSection
EndGlobal
